
Microsoft Visual Studio Solution File, Format Version 12.00
# Visual Studio Version 17
VisualStudioVersion = 17.10.35013.160
MinimumVisualStudioVersion = 10.0.40219.1
Project("{9A19103F-16F7-4668-BE54-9A1E7A4F7556}") = "RapidHelper", "RapidHelper.csproj", "{BD9D2167-7FB5-4AEB-9B4A-EF1768C07FE8}"
EndProject
Global
	GlobalSection(SolutionConfigurationPlatforms) = preSolution
		Debug|Any CPU = Debug|Any CPU
		Release|Any CPU = Release|Any CPU
	EndGlobalSection
	GlobalSection(ProjectConfigurationPlatforms) = postSolution
		{BD9D2167-7FB5-4AEB-9B4A-EF1768C07FE8}.Debug|Any CPU.ActiveCfg = Debug|Any CPU
		{BD9D2167-7FB5-4AEB-9B4A-EF1768C07FE8}.Debug|Any CPU.Build.0 = Debug|Any CPU
		{BD9D2167-7FB5-4AEB-9B4A-EF1768C07FE8}.Release|Any CPU.ActiveCfg = Release|Any CPU
		{BD9D2167-7FB5-4AEB-9B4A-EF1768C07FE8}.Release|Any CPU.Build.0 = Release|Any CPU
	EndGlobalSection
	GlobalSection(SolutionProperties) = preSolution
		HideSolutionNode = FALSE
	EndGlobalSection
	GlobalSection(ExtensibilityGlobals) = postSolution
		SolutionGuid = {E90B28B1-9AEA-4873-8BFF-34CAFE110106}
	EndGlobalSection
EndGlobal
